
Microsoft Visual Studio Solution File, Format Version 12.00
Project("{FAE04EC0-301F-11D3-BF4B-00C04F79EFBC}") = "Sakuya", "Sakuya\Sakuya.csproj", "{18D72BB1-A527-41D2-898D-9BBE6C095CBC}"
EndProject
Global
	GlobalSection(SolutionConfigurationPlatforms) = preSolution
		Debug|Any CPU = Debug|Any CPU
		Release|Any CPU = Release|Any CPU
	EndGlobalSection
	GlobalSection(ProjectConfigurationPlatforms) = postSolution
		{18D72BB1-A527-41D2-898D-9BBE6C095CBC}.Debug|Any CPU.ActiveCfg = Debug|Any CPU
		{18D72BB1-A527-41D2-898D-9BBE6C095CBC}.Debug|Any CPU.Build.0 = Debug|Any CPU
		{18D72BB1-A527-41D2-898D-9BBE6C095CBC}.Release|Any CPU.ActiveCfg = Release|Any CPU
		{18D72BB1-A527-41D2-898D-9BBE6C095CBC}.Release|Any CPU.Build.0 = Release|Any CPU
	EndGlobalSection
EndGlobal
